hash: 9fdbeca9ae1cd09f8ce8cb1bd7d15611805202c7f1a385aee257ee46445b726b
updated: 2019-04-11T09:21:16.111758+02:00
imports:
- name: github.com/alecthomas/template
  version: a0175ee3bccc567396460bf5acd36800cb10c49c
  subpackages:
  - parse
- name: github.com/alecthomas/units
  version: 2efee857e7cfd4f3d0138cc3cbb1b4966962b93a
- name: github.com/beorn7/perks
  version: 3a771d992973f24aa725d07868b467d1ddfceafb
  subpackages:
  - quantile
- name: github.com/databus23/goslo.policy
  version: 3ae74dd07ebf48d1f2babbd1d2177cd1878a09ee
- name: github.com/fsnotify/fsnotify
  version: 1485a34d5d5723fea214f5710708e19a831720e4
- name: github.com/golang/mock
  version: 73dc87cad333b55a02058f4b3d872dbbafddc2b0
  subpackages:
  - gomock
- name: github.com/golang/protobuf
  version: e91709a02e0e8ff8b86b7aa913fdc9ae9498e825
  subpackages:
  - proto
- name: github.com/golang/snappy
  version: 2a8bb927dd31d8daada140a5d09578521ce5c36a
- name: github.com/gophercloud/gophercloud
  version: 2c55d17f707cc8333ca4f49690cb2970d12a25f6
  subpackages:
  - internal
  - openstack
  - openstack/identity/v2/tenants
  - openstack/identity/v2/tokens
  - openstack/identity/v3/groups
  - openstack/identity/v3/projects
  - openstack/identity/v3/roles
  - openstack/identity/v3/tokens
  - openstack/identity/v3/users
  - openstack/utils
  - pagination
- name: github.com/gorilla/mux
  version: c5c6c98bc25355028a63748a498942a6398ccd22
- name: github.com/hashicorp/hcl
  version: 65a6292f0157eff210d03ed1bf6c59b190b8b906
  subpackages:
  - hcl/ast
  - hcl/parser
  - hcl/printer
  - hcl/scanner
  - hcl/strconv
  - hcl/token
  - json/parser
  - json/scanner
  - json/token
- name: github.com/inconshreveable/mousetrap
  version: 76626ae9c91c4f2a10f34cad8ce83ea42c93bb75
- name: github.com/jteeuwen/go-bindata
  version: 6025e8de665b31fa74ab1a66f2cddd8c0abf887e
- name: github.com/konsorten/go-windows-terminal-sequences
  version: f55edac94c9bbba5d6182a4be46d86a2c9b5b50e
- name: github.com/magiconair/properties
  version: 7757cc9fdb852f7579b24170bcacda2c7471bb6a
- name: github.com/matttproud/golang_protobuf_extensions
  version: c182affec369e30f25d3eb8cd8a478dee585ae7d
  subpackages:
  - pbutil
- name: github.com/mitchellh/mapstructure
  version: 3536a929edddb9a5b34bd6861dc4a9647cb459fe
- name: github.com/nbio/st
  version: e9e8d9816f3268def6dcbd2dea03301f40e9de94
- name: github.com/opentracing/opentracing-go
  version: 659c90643e714681897ec2521c60567dd21da733
  subpackages:
  - log
- name: github.com/patrickmn/go-cache
  version: 5633e0862627c011927fa39556acae8b1f1df58a
- name: github.com/pelletier/go-toml
  version: d95bfe020e0c72df368b4368a4bf61d95eb4416c
- name: github.com/prometheus/client_golang
  version: 94ff84a9a6ebb5e6eb9172897c221a64df3443bc
  subpackages:
  - api
  - prometheus
  - prometheus/promhttp
- name: github.com/prometheus/client_model
  version: fd36f4220a901265f90734c3183c5f0c91daa0b8
  subpackages:
  - go
- name: github.com/prometheus/common
  version: a82f4c12f983cc2649298185f296632953e50d3e
  subpackages:
  - expfmt
  - internal/bitbucket.org/ww/goautoneg
  - log
  - model
- name: github.com/prometheus/procfs
  version: ea9eea63887261e4d8ed8315f4078e88d540c725
- name: github.com/prometheus/prometheus
  version: 5211b96d4d1291c3dd1a569f711d3b301b635ecb
  subpackages:
  - promql
  - storage
  - storage/local
  - storage/local/chunk
  - storage/local/codable
  - storage/local/index
  - storage/metric
  - util/flock
  - util/stats
  - util/strutil
  - util/testutil
- name: github.com/rs/cors
  version: 76f58f330d76a55c5badc74f6212e8a15e742c77
- name: github.com/sirupsen/logrus
  version: 9b3cdde74fbe9443d704467498a7dcb61a79de9b
- name: github.com/spf13/afero
  version: 588a75ec4f32903aa5e39a2619ba6a4631e28424
  subpackages:
  - mem
- name: github.com/spf13/cast
  version: 8c9545af88b134710ab1cd196795e7f2388358d7
- name: github.com/spf13/cobra
  version: 67fc4837d267bc9bfd6e47f77783fcc3dffc68de
- name: github.com/spf13/jwalterweatherman
  version: 94f6ae3ed3bceceafa716478c5fbf8d29ca601a1
- name: github.com/spf13/pflag
  version: 24fa6976df40757dce6aea913e7b81ade90530e1
- name: github.com/spf13/viper
  version: 7a605a50e69cd1ea431c4a1e6eebe9b287ef6de4
- name: github.com/syndtr/goleveldb
  version: c3a204f8e96543bb0cc090385c001078f184fc46
  subpackages:
  - leveldb
  - leveldb/cache
  - leveldb/comparer
  - leveldb/errors
  - leveldb/filter
  - leveldb/iterator
  - leveldb/journal
  - leveldb/memdb
  - leveldb/opt
  - leveldb/storage
  - leveldb/table
  - leveldb/util
- name: golang.org/x/net
  version: eb5bcb51f2a31c7d5141d810b70815c05d9c9146
  subpackages:
  - context
- name: golang.org/x/sys
  version: 0ad05ae3009d6413d3363aa09b350b2ec37daf09
  subpackages:
  - unix
  - windows
  - windows/registry
  - windows/svc/eventlog
- name: golang.org/x/text
  version: f4905fbd45b6790792202848439271c74074bbfd
  subpackages:
  - transform
  - unicode/norm
- name: gopkg.in/alecthomas/kingpin.v2
  version: 947dcec5ba9c011838740e680966fd7087a71d0d
- name: gopkg.in/yaml.v2
  version: 51d6538a90f86fe93ac480b35f37b2be17fef232
testImports:
- name: github.com/davecgh/go-spew
  version: d8f796af33cc11cb798c1aaeb27a4ebc5099927d
  subpackages:
  - spew
- name: github.com/h2non/gock
  version: 090e9d9644e4961e7084159b80b64ebca1497299
- name: github.com/h2non/parth
  version: b4df798d65426f8c8ab5ca5f9987aec5575d26c9
- name: github.com/pmezard/go-difflib
  version: 5d4384ee4fb2527b0a1256a821ebfc92f91efefc
  subpackages:
  - difflib
- name: github.com/stretchr/testify
  version: 34c6fa2dc70986bccbbffcc6130f6920a924b075
  subpackages:
  - assert
