hash: 9fdbeca9ae1cd09f8ce8cb1bd7d15611805202c7f1a385aee257ee46445b726b
updated: 2019-02-28T16:19:32.582926+01:00
imports:
- name: github.com/alecthomas/template
  version: a0175ee3bccc567396460bf5acd36800cb10c49c
  subpackages:
  - parse
- name: github.com/alecthomas/units
  version: 2efee857e7cfd4f3d0138cc3cbb1b4966962b93a
- name: github.com/beorn7/perks
  version: 3a771d992973f24aa725d07868b467d1ddfceafb
  subpackages:
  - quantile
- name: github.com/databus23/goslo.policy
  version: 3ae74dd07ebf48d1f2babbd1d2177cd1878a09ee
- name: github.com/fsnotify/fsnotify
  version: ccc981bf80385c528a65fbfdd49bf2d8da22aa23
- name: github.com/golang/mock
  version: c20582278a829e4b3259747a3ce0eceb1763ee13
  subpackages:
  - gomock
- name: github.com/golang/protobuf
  version: 9bfdceed46565e0aca8cf0fb9cbb9fd37131fbd2
  subpackages:
  - proto
- name: github.com/golang/snappy
  version: 2a8bb927dd31d8daada140a5d09578521ce5c36a
- name: github.com/gophercloud/gophercloud
  version: cfa8434422e74c7965e33f428931db21cfb58c29
  subpackages:
  - internal
  - openstack
  - openstack/identity/v2/tenants
  - openstack/identity/v2/tokens
  - openstack/identity/v3/groups
  - openstack/identity/v3/projects
  - openstack/identity/v3/roles
  - openstack/identity/v3/tokens
  - openstack/identity/v3/users
  - openstack/utils
  - pagination
- name: github.com/gorilla/mux
  version: a7962380ca08b5a188038c69871b8d3fbdf31e89
- name: github.com/hashicorp/hcl
  version: 65a6292f0157eff210d03ed1bf6c59b190b8b906
  subpackages:
  - hcl/ast
  - hcl/parser
  - hcl/printer
  - hcl/scanner
  - hcl/strconv
  - hcl/token
  - json/parser
  - json/scanner
  - json/token
- name: github.com/inconshreveable/mousetrap
  version: 76626ae9c91c4f2a10f34cad8ce83ea42c93bb75
- name: github.com/jteeuwen/go-bindata
  version: 6025e8de665b31fa74ab1a66f2cddd8c0abf887e
- name: github.com/konsorten/go-windows-terminal-sequences
  version: f55edac94c9bbba5d6182a4be46d86a2c9b5b50e
- name: github.com/magiconair/properties
  version: 7757cc9fdb852f7579b24170bcacda2c7471bb6a
- name: github.com/matttproud/golang_protobuf_extensions
  version: c182affec369e30f25d3eb8cd8a478dee585ae7d
  subpackages:
  - pbutil
- name: github.com/mitchellh/mapstructure
  version: 3536a929edddb9a5b34bd6861dc4a9647cb459fe
- name: github.com/nbio/st
  version: e9e8d9816f3268def6dcbd2dea03301f40e9de94
- name: github.com/opentracing/opentracing-go
  version: 25a84ff92183e2f8ac018ba1db54f8a07b3c0e04
  subpackages:
  - log
- name: github.com/patrickmn/go-cache
  version: 5633e0862627c011927fa39556acae8b1f1df58a
- name: github.com/pelletier/go-toml
  version: 27c6b39a135b7dc87a14afb068809132fb7a9a8f
- name: github.com/prometheus/client_golang
  version: 94ff84a9a6ebb5e6eb9172897c221a64df3443bc
  subpackages:
  - api
  - prometheus
  - prometheus/promhttp
- name: github.com/prometheus/client_model
  version: fd36f4220a901265f90734c3183c5f0c91daa0b8
  subpackages:
  - go
- name: github.com/prometheus/common
  version: 7a3416fd1f41341905f138746c51a5092e7ddf7a
  subpackages:
  - expfmt
  - internal/bitbucket.org/ww/goautoneg
  - log
  - model
- name: github.com/prometheus/procfs
  version: bbced9601137e764853b2fad7ec3e2dc4c504e02
  subpackages:
  - internal/util
  - iostats
  - nfs
  - xfs
- name: github.com/prometheus/prometheus
  version: 5211b96d4d1291c3dd1a569f711d3b301b635ecb
  subpackages:
  - promql
  - storage
  - storage/local
  - storage/local/chunk
  - storage/local/codable
  - storage/local/index
  - storage/metric
  - util/flock
  - util/stats
  - util/strutil
  - util/testutil
- name: github.com/rs/cors
  version: 76f58f330d76a55c5badc74f6212e8a15e742c77
- name: github.com/sirupsen/logrus
  version: fa3c1df5136d05b1b54b72794cf89579f2b39f7b
- name: github.com/spf13/afero
  version: f4711e4db9e9a1d3887343acb72b2bbfc2f686f5
  subpackages:
  - mem
- name: github.com/spf13/cast
  version: 8c9545af88b134710ab1cd196795e7f2388358d7
- name: github.com/spf13/cobra
  version: 7547e83b2d85fd1893c7d76916f67689d761fecb
- name: github.com/spf13/jwalterweatherman
  version: 94f6ae3ed3bceceafa716478c5fbf8d29ca601a1
- name: github.com/spf13/pflag
  version: 24fa6976df40757dce6aea913e7b81ade90530e1
- name: github.com/spf13/viper
  version: d104d259b3380cb653bb793756823c3c41b37b53
- name: github.com/syndtr/goleveldb
  version: 4217c9f31f5816db02addc94e56061da77f288d8
  subpackages:
  - leveldb
  - leveldb/cache
  - leveldb/comparer
  - leveldb/errors
  - leveldb/filter
  - leveldb/iterator
  - leveldb/journal
  - leveldb/memdb
  - leveldb/opt
  - leveldb/storage
  - leveldb/table
  - leveldb/util
- name: golang.org/x/crypto
  version: 31a38585487a4b1fd6ff4f8f3db26f1fb296ac82
  subpackages:
  - ssh/terminal
- name: golang.org/x/net
  version: c95aed5357e77a4bf7d3955c46740000a17adee1
  subpackages:
  - context
- name: golang.org/x/sys
  version: a34e9553db1e492c9a76e60db2296ae7e5fbb772
  subpackages:
  - unix
  - windows
  - windows/registry
  - windows/svc/eventlog
- name: golang.org/x/text
  version: d14c52b222ee852cdba8b07206ca0c614b389876
  subpackages:
  - transform
  - unicode/norm
- name: gopkg.in/alecthomas/kingpin.v2
  version: 947dcec5ba9c011838740e680966fd7087a71d0d
- name: gopkg.in/yaml.v2
  version: 51d6538a90f86fe93ac480b35f37b2be17fef232
testImports:
- name: github.com/davecgh/go-spew
  version: d8f796af33cc11cb798c1aaeb27a4ebc5099927d
  subpackages:
  - spew
- name: github.com/h2non/gock
  version: ba88c4862a27596539531ce469478a91bc5a0511
- name: github.com/h2non/parth
  version: b4df798d65426f8c8ab5ca5f9987aec5575d26c9
- name: github.com/pmezard/go-difflib
  version: 5d4384ee4fb2527b0a1256a821ebfc92f91efefc
  subpackages:
  - difflib
- name: github.com/stretchr/testify
  version: 3f658bd5ac42cc0b5de5b427e95a480d5726ea76
  subpackages:
  - assert
